PODS:
  - audioplayers_darwin (0.0.1):
    - Flutter
  - connectivity_plus (0.0.1):
    - Flutter
    - ReachabilitySwift
  - DKImagePickerController/Core (4.3.4):
    - DKImagePickerController/ImageDataManager
    - DKImagePickerController/Resource
  - DKImagePickerController/ImageDataManager (4.3.4)
  - DKImagePickerController/PhotoGallery (4.3.4):
    - DKImagePickerController/Core
    - DKPhotoGallery
  - DKImagePickerController/Resource (4.3.4)
  - DKPhotoGallery (0.0.17):
    - DKPhotoGallery/Core (= 0.0.17)
    - DKPhotoGallery/Model (= 0.0.17)
    - DKPhotoGallery/Preview (= 0.0.17)
    - DKPhotoGallery/Resource (= 0.0.17)
    - SDWebImage
    - SwiftyGif
  - DKPhotoGallery/Core (0.0.17):
    - DKPhotoGallery/Model
    - DKPhotoGallery/Preview
    - SDWebImage
    - SwiftyGif
  - DKPhotoGallery/Model (0.0.17):
    - SDWebImage
    - SwiftyGif
  - DKPhotoGallery/Preview (0.0.17):
    - DKPhotoGallery/Model
    - DKPhotoGallery/Resource
    - SDWebImage
    - SwiftyGif
  - DKPhotoGallery/Resource (0.0.17):
    - SDWebImage
    - SwiftyGif
  - EnablexWebRTC (1.0.2)
  - enx_flutter_plugin (2.3.9):
    - EnxRTCiOS (= 2.3.14)
    - Flutter
    - Socket.IO-Client-Swift (~> 15.2.0)
  - EnxRTCiOS (2.3.14):
    - EnablexWebRTC (= 1.0.2)
  - file_picker (0.0.1):
    - DKImagePickerController/PhotoGallery
    - Flutter
  - Flutter (1.0.0)
  - flutter_broadcasts (0.0.1):
    - Flutter
  - flutter_foreground_task (0.0.1):
    - Flutter
  - fluttertoast (0.0.2):
    - Flutter
    - Toast
  - path_provider_foundation (0.0.1):
    - Flutter
    - FlutterMacOS
  - permission_handler_apple (9.1.1):
    - Flutter
  - ReachabilitySwift (5.0.0)
  - replay_kit_launcher (1.0.0):
    - Flutter
  - SDWebImage (5.18.7):
    - SDWebImage/Core (= 5.18.7)
  - SDWebImage/Core (5.18.7)
  - shared_preferences_foundation (0.0.1):
    - Flutter
    - FlutterMacOS
  - shared_preferences_ios (0.0.1):
    - Flutter
  - Socket.IO-Client-Swift (15.2.0):
    - Starscream (~> 3.1)
  - Starscream (3.1.1)
  - SwiftyGif (5.4.4)
  - Toast (4.0.0)

DEPENDENCIES:
  - audioplayers_darwin (from `.symlinks/plugins/audioplayers_darwin/ios`)
  - connectivity_plus (from `.symlinks/plugins/connectivity_plus/ios`)
  - enx_flutter_plugin (from `.symlinks/plugins/enx_flutter_plugin/ios`)
  - file_picker (from `.symlinks/plugins/file_picker/ios`)
  - Flutter (from `Flutter`)
  - flutter_broadcasts (from `.symlinks/plugins/flutter_broadcasts/ios`)
  - flutter_foreground_task (from `.symlinks/plugins/flutter_foreground_task/ios`)
  - fluttertoast (from `.symlinks/plugins/fluttertoast/ios`)
  - path_provider_foundation (from `.symlinks/plugins/path_provider_foundation/darwin`)
  - permission_handler_apple (from `.symlinks/plugins/permission_handler_apple/ios`)
  - replay_kit_launcher (from `.symlinks/plugins/replay_kit_launcher/ios`)
  - shared_preferences_foundation (from `.symlinks/plugins/shared_preferences_foundation/darwin`)
  - shared_preferences_ios (from `.symlinks/plugins/shared_preferences_ios/ios`)

SPEC REPOS:
  trunk:
    - DKImagePickerController
    - DKPhotoGallery
    - EnablexWebRTC
    - EnxRTCiOS
    - ReachabilitySwift
    - SDWebImage
    - Socket.IO-Client-Swift
    - Starscream
    - SwiftyGif
    - Toast

EXTERNAL SOURCES:
  audioplayers_darwin:
    :path: ".symlinks/plugins/audioplayers_darwin/ios"
  connectivity_plus:
    :path: ".symlinks/plugins/connectivity_plus/ios"
  enx_flutter_plugin:
    :path: ".symlinks/plugins/enx_flutter_plugin/ios"
  file_picker:
    :path: ".symlinks/plugins/file_picker/ios"
  Flutter:
    :path: Flutter
  flutter_broadcasts:
    :path: ".symlinks/plugins/flutter_broadcasts/ios"
  flutter_foreground_task:
    :path: ".symlinks/plugins/flutter_foreground_task/ios"
  fluttertoast:
    :path: ".symlinks/plugins/fluttertoast/ios"
  path_provider_foundation:
    :path: ".symlinks/plugins/path_provider_foundation/darwin"
  permission_handler_apple:
    :path: ".symlinks/plugins/permission_handler_apple/ios"
  replay_kit_launcher:
    :path: ".symlinks/plugins/replay_kit_launcher/ios"
  shared_preferences_foundation:
    :path: ".symlinks/plugins/shared_preferences_foundation/darwin"
  shared_preferences_ios:
    :path: ".symlinks/plugins/shared_preferences_ios/ios"

SPEC CHECKSUMS:
  audioplayers_darwin: 877d9a4d06331c5c374595e46e16453ac7eafa40
  connectivity_plus: 413a8857dd5d9f1c399a39130850d02fe0feaf7e
  DKImagePickerController: b512c28220a2b8ac7419f21c491fc8534b7601ac
  DKPhotoGallery: fdfad5125a9fdda9cc57df834d49df790dbb4179
  EnablexWebRTC: 05f0d79eb6f133f1b844af9a2b7530dc7c6e2108
  enx_flutter_plugin: 5a7134c06144a003f27f863c236201e5e09ba296
  EnxRTCiOS: 61de854eba2b12e747e363c3018a2e622fc453e3
  file_picker: ce3938a0df3cc1ef404671531facef740d03f920
  Flutter: f04841e97a9d0b0a8025694d0796dd46242b2854
  flutter_broadcasts: 3ece15b27d8ccbe2132c3df303e7c3401feab882
  flutter_foreground_task: 21ef182ab0a29a3005cc72cd70e5f45cb7f7f817
  fluttertoast: 31b00dabfa7fb7bacd9e7dbee580d7a2ff4bf265
  path_provider_foundation: 29f094ae23ebbca9d3d0cec13889cd9060c0e943
  permission_handler_apple: e76247795d700c14ea09e3a2d8855d41ee80a2e6
  ReachabilitySwift: 985039c6f7b23a1da463388634119492ff86c825
  replay_kit_launcher: 828739da18c9785d5e9aafd4f075ea11d6b61499
  SDWebImage: f9258c58221ed854cfa0e2b80ee4033710b1c6d3
  shared_preferences_foundation: 5b919d13b803cadd15ed2dc053125c68730e5126
  shared_preferences_ios: 548a61f8053b9b8a49ac19c1ffbc8b92c50d68ad
  Socket.IO-Client-Swift: 1e3e3a1f09f3312a167f0d781eb2f383d477357c
  Starscream: 4bb2f9942274833f7b4d296a55504dcfc7edb7b0
  SwiftyGif: 93a1cc87bf3a51916001cf8f3d63835fb64c819f
  Toast: 91b396c56ee72a5790816f40d3a94dd357abc196

PODFILE CHECKSUM: 71699ee0ab53703e0d595aaaaacc1a8a8dd06cfa

COCOAPODS: 1.14.3
